
Microsoft Visual Studio Solution File, Format Version 12.00
# Visual Studio Version 17
VisualStudioVersion = 17.11.35327.3
MinimumVisualStudioVersion = 10.0.40219.1
Project("{FAE04EC0-301F-11D3-BF4B-00C04F79EFBC}") = "MedcineShop", "MedcineShop\MedcineShop.csproj", "{D01D7A28-295F-424D-BDF7-1ADF171B4B6A}"
EndProject
Project("{FAE04EC0-301F-11D3-BF4B-00C04F79EFBC}") = "UnitTestProject2", "UnitTestProject2\UnitTestProject2.csproj", "{0923D61C-2FAD-46DF-B561-3CD334C20182}"
EndProject
Global
	GlobalSection(SolutionConfigurationPlatforms) = preSolution
		Debug|Any CPU = Debug|Any CPU
		Release|Any CPU = Release|Any CPU
	EndGlobalSection
	GlobalSection(ProjectConfigurationPlatforms) = postSolution
		{D01D7A28-295F-424D-BDF7-1ADF171B4B6A}.Debug|Any CPU.ActiveCfg = Debug|Any CPU
		{D01D7A28-295F-424D-BDF7-1ADF171B4B6A}.Debug|Any CPU.Build.0 = Debug|Any CPU
		{D01D7A28-295F-424D-BDF7-1ADF171B4B6A}.Release|Any CPU.ActiveCfg = Release|Any CPU
		{D01D7A28-295F-424D-BDF7-1ADF171B4B6A}.Release|Any CPU.Build.0 = Release|Any CPU
		{0923D61C-2FAD-46DF-B561-3CD334C20182}.Debug|Any CPU.ActiveCfg = Debug|Any CPU
		{0923D61C-2FAD-46DF-B561-3CD334C20182}.Debug|Any CPU.Build.0 = Debug|Any CPU
		{0923D61C-2FAD-46DF-B561-3CD334C20182}.Release|Any CPU.ActiveCfg = Release|Any CPU
		{0923D61C-2FAD-46DF-B561-3CD334C20182}.Release|Any CPU.Build.0 = Release|Any CPU
	EndGlobalSection
	GlobalSection(SolutionProperties) = preSolution
		HideSolutionNode = FALSE
	EndGlobalSection
	GlobalSection(ExtensibilityGlobals) = postSolution
		SolutionGuid = {8818D5FE-C870-4424-B094-ECBC21310097}
	EndGlobalSection
EndGlobal
